{
  "lockfile_version": "1",
  "packages": {
    "air@1.61.1": {
      "last_modified": "2024-11-16T04:25:12Z",
      "resolved": "github:NixOS/nixpkgs/34a626458d686f1b58139620a8b2793e9e123bba#air",
      "source": "devbox-search",
      "version": "1.61.1",
      "systems": {
        "aarch64-darwin": {
          "outputs": [
            {
              "name": "out",
              "path": "/nix/store/0s90vbnmsyyixs0991md21pbrw8babfb-air-1.61.1",
              "default": true
            }
          ],
          "store_path": "/nix/store/0s90vbnmsyyixs0991md21pbrw8babfb-air-1.61.1"
        },
        "aarch64-linux": {
          "outputs": [
            {
              "name": "out",
              "path": "/nix/store/8mpw2asxs297v26fxqy2y1bq438f344l-air-1.61.1",
              "default": true
            }
          ],
          "store_path": "/nix/store/8mpw2asxs297v26fxqy2y1bq438f344l-air-1.61.1"
        },
        "x86_64-darwin": {
          "outputs": [
            {
              "name": "out",
              "path": "/nix/store/abminkf7ldqf9vm14xx5wvsrdx3wrvy6-air-1.61.1",
              "default": true
            }
          ],
          "store_path": "/nix/store/abminkf7ldqf9vm14xx5wvsrdx3wrvy6-air-1.61.1"
        },
        "x86_64-linux": {
          "outputs": [
            {
              "name": "out",
              "path": "/nix/store/ajx8v5rbbvglncb97yybg3x9kn95gfrm-air-1.61.1",
              "default": true
            }
          ],
          "store_path": "/nix/store/ajx8v5rbbvglncb97yybg3x9kn95gfrm-air-1.61.1"
        }
      }
    },
    "go@1.23.1": {
      "last_modified": "2024-09-10T15:01:03Z",
      "resolved": "github:NixOS/nixpkgs/5ed627539ac84809c78b2dd6d26a5cebeb5ae269#go_1_23",
      "source": "devbox-search",
      "version": "1.23.1",
      "systems": {
        "aarch64-darwin": {
          "outputs": [
            {
              "name": "out",
              "path": "/nix/store/nvaay1c4banbccyvv6ba1gzyqpypjmfq-go-1.23.1",
              "default": true
            }
          ],
          "store_path": "/nix/store/nvaay1c4banbccyvv6ba1gzyqpypjmfq-go-1.23.1"
        },
        "aarch64-linux": {
          "outputs": [
            {
              "name": "out",
              "path": "/nix/store/9ylsay11jb3p6yarkmlz0fin76cdypwa-go-1.23.1",
              "default": true
            }
          ],
          "store_path": "/nix/store/9ylsay11jb3p6yarkmlz0fin76cdypwa-go-1.23.1"
        },
        "x86_64-darwin": {
          "outputs": [
            {
              "name": "out",
              "path": "/nix/store/zkg5xhyx2rs03dq0qp14nqlx9ff1y5c5-go-1.23.1",
              "default": true
            }
          ],
          "store_path": "/nix/store/zkg5xhyx2rs03dq0qp14nqlx9ff1y5c5-go-1.23.1"
        },
        "x86_64-linux": {
          "outputs": [
            {
              "name": "out",
              "path": "/nix/store/mi0ybwsm6pmxzv9hsm6bcbqaq1pkf8wh-go-1.23.1",
              "default": true
            }
          ],
          "store_path": "/nix/store/mi0ybwsm6pmxzv9hsm6bcbqaq1pkf8wh-go-1.23.1"
        }
      }
    },
    "redis@7.2.6": {
      "last_modified": "2024-11-16T04:25:12Z",
      "plugin_version": "0.0.2",
      "resolved": "github:NixOS/nixpkgs/34a626458d686f1b58139620a8b2793e9e123bba#redis",
      "source": "devbox-search",
      "version": "7.2.6",
      "systems": {
        "aarch64-darwin": {
          "outputs": [
            {
              "name": "out",
              "path": "/nix/store/wkkl1sa3d1va56rpyvz2ihd2xd16hd4p-redis-7.2.6",
              "default": true
            }
          ],
          "store_path": "/nix/store/wkkl1sa3d1va56rpyvz2ihd2xd16hd4p-redis-7.2.6"
        },
        "aarch64-linux": {
          "outputs": [
            {
              "name": "out",
              "path": "/nix/store/2rdd6fnpykqknhh3yrq1bav9ald5mkh8-redis-7.2.6",
              "default": true
            }
          ],
          "store_path": "/nix/store/2rdd6fnpykqknhh3yrq1bav9ald5mkh8-redis-7.2.6"
        },
        "x86_64-darwin": {
          "outputs": [
            {
              "name": "out",
              "path": "/nix/store/1rpq5w8rf7wxpdfx7ppphlwc2d8livs3-redis-7.2.6",
              "default": true
            }
          ],
          "store_path": "/nix/store/1rpq5w8rf7wxpdfx7ppphlwc2d8livs3-redis-7.2.6"
        },
        "x86_64-linux": {
          "outputs": [
            {
              "name": "out",
              "path": "/nix/store/ff8wp3wzc27gpn3p90ng7pal4i1p9pf5-redis-7.2.6",
              "default": true
            }
          ],
          "store_path": "/nix/store/ff8wp3wzc27gpn3p90ng7pal4i1p9pf5-redis-7.2.6"
        }
      }
    },
    "sqlc@1.27.0": {
      "last_modified": "2024-11-28T07:51:56Z",
      "resolved": "github:NixOS/nixpkgs/226216574ada4c3ecefcbbec41f39ce4655f78ef#sqlc",
      "source": "devbox-search",
      "version": "1.27.0",
      "systems": {
        "aarch64-darwin": {
          "outputs": [
            {
              "name": "out",
              "path": "/nix/store/nv7n7v77blj22ycymjxr7nbr26gdhfqb-sqlc-1.27.0",
              "default": true
            }
          ],
          "store_path": "/nix/store/nv7n7v77blj22ycymjxr7nbr26gdhfqb-sqlc-1.27.0"
        },
        "aarch64-linux": {
          "outputs": [
            {
              "name": "out",
              "path": "/nix/store/3xklmmk7x08yr31k3wa0hks890sz98r9-sqlc-1.27.0",
              "default": true
            }
          ],
          "store_path": "/nix/store/3xklmmk7x08yr31k3wa0hks890sz98r9-sqlc-1.27.0"
        },
        "x86_64-darwin": {
          "outputs": [
            {
              "name": "out",
              "path": "/nix/store/8qhdd418krfkrmczn959m5hv9184b9yb-sqlc-1.27.0",
              "default": true
            }
          ],
          "store_path": "/nix/store/8qhdd418krfkrmczn959m5hv9184b9yb-sqlc-1.27.0"
        },
        "x86_64-linux": {
          "outputs": [
            {
              "name": "out",
              "path": "/nix/store/6mcdgk9rg9g4kia87jjv25h90b2n9r62-sqlc-1.27.0",
              "default": true
            }
          ],
          "store_path": "/nix/store/6mcdgk9rg9g4kia87jjv25h90b2n9r62-sqlc-1.27.0"
        }
      }
    },
    "sqlite@3.46.1": {
      "last_modified": "2024-11-28T07:51:56Z",
      "resolved": "github:NixOS/nixpkgs/226216574ada4c3ecefcbbec41f39ce4655f78ef#sqlite",
      "source": "devbox-search",
      "version": "3.46.1",
      "systems": {
        "aarch64-darwin": {
          "outputs": [
            {
              "name": "bin",
              "path": "/nix/store/gz6xbzz93ynqi8bb0dqawd5g8qpb52yv-sqlite-3.46.1-bin",
              "default": true
            },
            {
              "name": "man",
              "path": "/nix/store/czkagyyjysqg178byvwy407kbgwqms5r-sqlite-3.46.1-man",
              "default": true
            },
            {
              "name": "dev",
              "path": "/nix/store/w41fjzsvxs2z8dvxhz0m2v7m6p3jbpvw-sqlite-3.46.1-dev"
            },
            {
              "name": "doc",
              "path": "/nix/store/2vnp5ivaqhl6fhzr70viyinr7wxc2sch-sqlite-3.46.1-doc"
            },
            {
              "name": "out",
              "path": "/nix/store/5jcgl3pxsqfnpy1ax46gv3s82cpl25v3-sqlite-3.46.1"
            }
          ],
          "store_path": "/nix/store/gz6xbzz93ynqi8bb0dqawd5g8qpb52yv-sqlite-3.46.1-bin"
        },
        "aarch64-linux": {
          "outputs": [
            {
              "name": "bin",
              "path": "/nix/store/dq62dc2f8jv61lsb4m5a5gawgglyxbnc-sqlite-3.46.1-bin",
              "default": true
            },
            {
              "name": "man",
              "path": "/nix/store/cgm8aqydlvnaiq8k2sfffjmcah143xni-sqlite-3.46.1-man",
              "default": true
            },
            {
              "name": "debug",
              "path": "/nix/store/wpbwgq7yri38z1c5qc2m9ncqxb6sgqmy-sqlite-3.46.1-debug"
            },
            {
              "name": "dev",
              "path": "/nix/store/42403yibks7lq5rly9j5n26z8im7lvzh-sqlite-3.46.1-dev"
            },
            {
              "name": "doc",
              "path": "/nix/store/w54kzd9w6wk3d31gfvdxkk20168x59kc-sqlite-3.46.1-doc"
            },
            {
              "name": "out",
              "path": "/nix/store/a00dfl8fpsl849jflxq9zxb7ycxanv2i-sqlite-3.46.1"
            }
          ],
          "store_path": "/nix/store/dq62dc2f8jv61lsb4m5a5gawgglyxbnc-sqlite-3.46.1-bin"
        },
        "x86_64-darwin": {
          "outputs": [
            {
              "name": "bin",
              "path": "/nix/store/h6cd6bwfv04613bln5pam9j691nrgfg0-sqlite-3.46.1-bin",
              "default": true
            },
            {
              "name": "man",
              "path": "/nix/store/m0qa7yp2gsabxwgbl3srjghnd7hc4zh8-sqlite-3.46.1-man",
              "default": true
            },
            {
              "name": "dev",
              "path": "/nix/store/ajffhbb6nj3snq3za4i1zgnxhk4q52az-sqlite-3.46.1-dev"
            },
            {
              "name": "doc",
              "path": "/nix/store/n1zrl6d8j4kp696h8q05sapq5lzhhc22-sqlite-3.46.1-doc"
            },
            {
              "name": "out",
              "path": "/nix/store/ynr1fsxrvwdckpwzgili133l7v2zpk4i-sqlite-3.46.1"
            }
          ],
          "store_path": "/nix/store/h6cd6bwfv04613bln5pam9j691nrgfg0-sqlite-3.46.1-bin"
        },
        "x86_64-linux": {
          "outputs": [
            {
              "name": "bin",
              "path": "/nix/store/80m70rdpggnq79adh1y2sywx8120abw5-sqlite-3.46.1-bin",
              "default": true
            },
            {
              "name": "man",
              "path": "/nix/store/vg13zmz9wsjajghcm0g3yx6i0zfnf5ai-sqlite-3.46.1-man",
              "default": true
            },
            {
              "name": "debug",
              "path": "/nix/store/54m8sz18n1zrv80x2gmsgyvaj7fbbj27-sqlite-3.46.1-debug"
            },
            {
              "name": "dev",
              "path": "/nix/store/jn92hm1bzs1x2aa1a90lz7dw9nnf6amk-sqlite-3.46.1-dev"
            },
            {
              "name": "doc",
              "path": "/nix/store/snh3n8klyfx4ksij9kp3ymd733ccf1di-sqlite-3.46.1-doc"
            },
            {
              "name": "out",
              "path": "/nix/store/yjm4j9n85bcp42v5nkz2xifrp4a9s63k-sqlite-3.46.1"
            }
          ],
          "store_path": "/nix/store/80m70rdpggnq79adh1y2sywx8120abw5-sqlite-3.46.1-bin"
        }
      }
    }
  }
}
